
Microsoft Visual Studio Solution File, Format Version 12.00
# Visual Studio Version 16
VisualStudioVersion = 16.0.30523.141
MinimumVisualStudioVersion = 10.0.40219.1
Project("{FAE04EC0-301F-11D3-BF4B-00C04F79EFBC}") = "ToDo List Project", "ToDo List Project\ToDo List Project.csproj", "{7B058094-739B-4BD6-A219-666F25C0A69A}"
EndProject
Global
	GlobalSection(SolutionConfigurationPlatforms) = preSolution
		Debug|Any CPU = Debug|Any CPU
		Release|Any CPU = Release|Any CPU
	EndGlobalSection
	GlobalSection(ProjectConfigurationPlatforms) = postSolution
		{7B058094-739B-4BD6-A219-666F25C0A69A}.Debug|Any CPU.ActiveCfg = Debug|Any CPU
		{7B058094-739B-4BD6-A219-666F25C0A69A}.Debug|Any CPU.Build.0 = Debug|Any CPU
		{7B058094-739B-4BD6-A219-666F25C0A69A}.Release|Any CPU.ActiveCfg = Release|Any CPU
		{7B058094-739B-4BD6-A219-666F25C0A69A}.Release|Any CPU.Build.0 = Release|Any CPU
	EndGlobalSection
	GlobalSection(SolutionProperties) = preSolution
		HideSolutionNode = FALSE
	EndGlobalSection
	GlobalSection(ExtensibilityGlobals) = postSolution
		SolutionGuid = {32F8D04A-AF0F-40B7-AAAE-0C2677D6205A}
	EndGlobalSection
EndGlobal
